
Microsoft Visual Studio Solution File, Format Version 12.00
# Visual Studio Version 17
VisualStudioVersion = 17.4.33213.308
MinimumVisualStudioVersion = 10.0.40219.1
Project("{FAE04EC0-301F-11D3-BF4B-00C04F79EFBC}") = "CRM3", "CRM3\CRM3.csproj", "{7103CE15-C594-4C9E-97C9-415231BEB95A}"
EndProject
Global
	GlobalSection(SolutionConfigurationPlatforms) = preSolution
		Debug|Any CPU = Debug|Any CPU
		Release|Any CPU = Release|Any CPU
	EndGlobalSection
	GlobalSection(ProjectConfigurationPlatforms) = postSolution
		{7103CE15-C594-4C9E-97C9-415231BEB95A}.Debug|Any CPU.ActiveCfg = Debug|Any CPU
		{7103CE15-C594-4C9E-97C9-415231BEB95A}.Debug|Any CPU.Build.0 = Debug|Any CPU
		{7103CE15-C594-4C9E-97C9-415231BEB95A}.Release|Any CPU.ActiveCfg = Release|Any CPU
		{7103CE15-C594-4C9E-97C9-415231BEB95A}.Release|Any CPU.Build.0 = Release|Any CPU
	EndGlobalSection
	GlobalSection(SolutionProperties) = preSolution
		HideSolutionNode = FALSE
	EndGlobalSection
	GlobalSection(ExtensibilityGlobals) = postSolution
		SolutionGuid = {1D4F92C7-E90A-4DE8-A661-A6B482301B46}
	EndGlobalSection
EndGlobal
