
Microsoft Visual Studio Solution File, Format Version 12.00
# Visual Studio Version 17
VisualStudioVersion = 17.4.33213.308
MinimumVisualStudioVersion = 10.0.40219.1
Project("{FAE04EC0-301F-11D3-BF4B-00C04F79EFBC}") = "CRM4", "CRM4\CRM4.csproj", "{0C138EBB-0AC0-46CF-94A1-CB902C9D5582}"
EndProject
Global
	GlobalSection(SolutionConfigurationPlatforms) = preSolution
		Debug|Any CPU = Debug|Any CPU
		Release|Any CPU = Release|Any CPU
	EndGlobalSection
	GlobalSection(ProjectConfigurationPlatforms) = postSolution
		{0C138EBB-0AC0-46CF-94A1-CB902C9D5582}.Debug|Any CPU.ActiveCfg = Debug|Any CPU
		{0C138EBB-0AC0-46CF-94A1-CB902C9D5582}.Debug|Any CPU.Build.0 = Debug|Any CPU
		{0C138EBB-0AC0-46CF-94A1-CB902C9D5582}.Release|Any CPU.ActiveCfg = Release|Any CPU
		{0C138EBB-0AC0-46CF-94A1-CB902C9D5582}.Release|Any CPU.Build.0 = Release|Any CPU
	EndGlobalSection
	GlobalSection(SolutionProperties) = preSolution
		HideSolutionNode = FALSE
	EndGlobalSection
	GlobalSection(ExtensibilityGlobals) = postSolution
		SolutionGuid = {24D69967-7530-406A-8BA9-F8495B0BD136}
	EndGlobalSection
EndGlobal
